
Microsoft Visual Studio Solution File, Format Version 11.00
# Visual Studio 2010
Project("{FAE04EC0-301F-11D3-BF4B-00C04F79EFBC}") = "ArcBruTile", "app\ArcBruTile.csproj", "{501036A0-A949-4E35-A8BF-B375CD6D20C3}"
EndProject
Project("{54435603-DBB4-11D2-8724-00A0C9A8B90C}") = "ArcBruTileSetup", "ArcBruTileSetup\ArcBruTileSetup.vdproj", "{F14156FC-53DB-43DA-A6C5-537037ACDEA0}"
EndProject
Global
	GlobalSection(SubversionScc) = preSolution
		Svn-Managed = True
		Manager = AnkhSVN - Subversion Support for Visual Studio
	EndGlobalSection
	GlobalSection(SolutionConfigurationPlatforms) = preSolution
		Debug|Any CPU = Debug|Any CPU
		Release|Any CPU = Release|Any CPU
	EndGlobalSection
	GlobalSection(ProjectConfigurationPlatforms) = postSolution
		{501036A0-A949-4E35-A8BF-B375CD6D20C3}.Debug|Any CPU.ActiveCfg = Debug|Any CPU
		{501036A0-A949-4E35-A8BF-B375CD6D20C3}.Debug|Any CPU.Build.0 = Debug|Any CPU
		{501036A0-A949-4E35-A8BF-B375CD6D20C3}.Release|Any CPU.ActiveCfg = Release|Any CPU
		{501036A0-A949-4E35-A8BF-B375CD6D20C3}.Release|Any CPU.Build.0 = Release|Any CPU
		{F14156FC-53DB-43DA-A6C5-537037ACDEA0}.Debug|Any CPU.ActiveCfg = Debug
		{F14156FC-53DB-43DA-A6C5-537037ACDEA0}.Debug|Any CPU.Build.0 = Debug
		{F14156FC-53DB-43DA-A6C5-537037ACDEA0}.Release|Any CPU.ActiveCfg = Release
		{F14156FC-53DB-43DA-A6C5-537037ACDEA0}.Release|Any CPU.Build.0 = Release
	EndGlobalSection
	GlobalSection(SolutionProperties) = preSolution
		HideSolutionNode = FALSE
	EndGlobalSection
EndGlobal
